// !$*UTF8*$!
{
	archiveVersion = 1;
	classes = {
	};
	objectVersion = 56;
	objects = {

/* Begin PBXBuildFile section */
		7C28A3472AD32F7900CE17AB /* AppDelegate.swift in Sources */ = {isa = PBXBuildFile; fileRef = 7C28A3462AD32F7900CE17AB /* AppDelegate.swift */; };
		7C28A3492AD32F7900CE17AB /* SceneDelegate.swift in Sources */ = {isa = PBXBuildFile; fileRef = 7C28A3482AD32F7900CE17AB /* SceneDelegate.swift */; };
		7C28A34B2AD32F7900CE17AB /* ViewController.swift in Sources */ = {isa = PBXBuildFile; fileRef = 7C28A34A2AD32F7900CE17AB /* ViewController.swift */; };
		7C28A3502AD32F7A00CE17AB /* Assets.xcassets in Resources */ = {isa = PBXBuildFile; fileRef = 7C28A34F2AD32F7A00CE17AB /* Assets.xcassets */; };
		7C28A3532AD32F7A00CE17AB /* LaunchScreen.storyboard in Resources */ = {isa = PBXBuildFile; fileRef = 7C28A3512AD32F7A00CE17AB /* LaunchScreen.storyboard */; };
		7C28A35F2AD332F900CE17AB /* Model.swift in Sources */ = {isa = PBXBuildFile; fileRef = 7C28A35E2AD332F900CE17AB /* Model.swift */; };
		7C28A3612AD3330300CE17AB /* View.swift in Sources */ = {isa = PBXBuildFile; fileRef = 7C28A3602AD3330300CE17AB /* View.swift */; };
		7C28A3652AD333DF00CE17AB /* CastomTableViewCell.swift in Sources */ = {isa = PBXBuildFile; fileRef = 7C28A3642AD333DF00CE17AB /* CastomTableViewCell.swift */; };
		7C28A3672AD3341000CE17AB /* APIFetch.swift in Sources */ = {isa = PBXBuildFile; fileRef = 7C28A3662AD3341000CE17AB /* APIFetch.swift */; };
		7C28A3692AD3343B00CE17AB /* DetailViewController.swift in Sources */ = {isa = PBXBuildFile; fileRef = 7C28A3682AD3343B00CE17AB /* DetailViewController.swift */; };
		7C28A36C2AD3347C00CE17AB /* Alamofire in Frameworks */ = {isa = PBXBuildFile; productRef = 7C28A36B2AD3347C00CE17AB /* Alamofire */; };
		7CE683302AD380CE00266818 /* DetailView.swift in Sources */ = {isa = PBXBuildFile; fileRef = 7CE6832F2AD380CE00266818 /* DetailView.swift */; };
		7CE683322AD6FF5C00266818 /* MakeUrl.swift in Sources */ = {isa = PBXBuildFile; fileRef = 7CE683312AD6FF5C00266818 /* MakeUrl.swift */; };
/* End PBXBuildFile section */

/* Begin PBXFileReference section */
		7C28A3432AD32F7900CE17AB /* 21-HW - HarryPotter-Alamofire.app */ = {isa = PBXFileReference; explicitFileType = wrapper.application; includeInIndex = 0; path = "21-HW - HarryPotter-Alamofire.app"; sourceTree = BUILT_PRODUCTS_DIR; };
		7C28A3462AD32F7900CE17AB /* AppDelegate.swift */ = {isa = PBXFileReference; lastKnownFileType = sourcecode.swift; path = AppDelegate.swift; sourceTree = "<group>"; };
		7C28A3482AD32F7900CE17AB /* SceneDelegate.swift */ = {isa = PBXFileReference; lastKnownFileType = sourcecode.swift; path = SceneDelegate.swift; sourceTree = "<group>"; };
		7C28A34A2AD32F7900CE17AB /* ViewController.swift */ = {isa = PBXFileReference; lastKnownFileType = sourcecode.swift; path = ViewController.swift; sourceTree = "<group>"; };
		7C28A34F2AD32F7A00CE17AB /* Assets.xcassets */ = {isa = PBXFileReference; lastKnownFileType = folder.assetcatalog; path = Assets.xcassets; sourceTree = "<group>"; };
		7C28A3522AD32F7A00CE17AB /* Base */ = {isa = PBXFileReference; lastKnownFileType = file.storyboard; name = Base; path = Base.lproj/LaunchScreen.storyboard; sourceTree = "<group>"; };
		7C28A3542AD32F7A00CE17AB /* Info.plist */ = {isa = PBXFileReference; lastKnownFileType = text.plist.xml; path = Info.plist; sourceTree = "<group>"; };
		7C28A35E2AD332F900CE17AB /* Model.swift */ = {isa = PBXFileReference; lastKnownFileType = sourcecode.swift; path = Model.swift; sourceTree = "<group>"; };
		7C28A3602AD3330300CE17AB /* View.swift */ = {isa = PBXFileReference; lastKnownFileType = sourcecode.swift; path = View.swift; sourceTree = "<group>"; };
		7C28A3642AD333DF00CE17AB /* CastomTableViewCell.swift */ = {isa = PBXFileReference; lastKnownFileType = sourcecode.swift; path = CastomTableViewCell.swift; sourceTree = "<group>"; };
		7C28A3662AD3341000CE17AB /* APIFetch.swift */ = {isa = PBXFileReference; lastKnownFileType = sourcecode.swift; path = APIFetch.swift; sourceTree = "<group>"; };
		7C28A3682AD3343B00CE17AB /* DetailViewController.swift */ = {isa = PBXFileReference; lastKnownFileType = sourcecode.swift; path = DetailViewController.swift; sourceTree = "<group>"; };
		7CE6832F2AD380CE00266818 /* DetailView.swift */ = {isa = PBXFileReference; lastKnownFileType = sourcecode.swift; path = DetailView.swift; sourceTree = "<group>"; };
		7CE683312AD6FF5C00266818 /* MakeUrl.swift */ = {isa = PBXFileReference; lastKnownFileType = sourcecode.swift; path = MakeUrl.swift; sourceTree = "<group>"; };
/* End PBXFileReference section */

/* Begin PBXFrameworksBuildPhase section */
		7C28A3402AD32F7900CE17AB /* Frameworks */ = {
			isa = PBXFrameworksBuildPhase;
			buildActionMask = 2147483647;
			files = (
				7C28A36C2AD3347C00CE17AB /* Alamofire in Frameworks */,
			);
			runOnlyForDeploymentPostprocessing = 0;
		};
/* End PBXFrameworksBuildPhase section */

/* Begin PBXGroup section */
		7C28A33A2AD32F7900CE17AB = {
			isa = PBXGroup;
			children = (
				7C28A3452AD32F7900CE17AB /* 21-HW - HarryPotter-Alamofire */,
				7C28A3442AD32F7900CE17AB /* Products */,
			);
			sourceTree = "<group>";
		};
		7C28A3442AD32F7900CE17AB /* Products */ = {
			isa = PBXGroup;
			children = (
				7C28A3432AD32F7900CE17AB /* 21-HW - HarryPotter-Alamofire.app */,
			);
			name = Products;
			sourceTree = "<group>";
		};
		7C28A3452AD32F7900CE17AB /* 21-HW - HarryPotter-Alamofire */ = {
			isa = PBXGroup;
			children = (
				7C28A35A2AD3311D00CE17AB /* Sources */,
				7C28A35D2AD3314100CE17AB /* Resources */,
			);
			path = "21-HW - HarryPotter-Alamofire";
			sourceTree = "<group>";
		};
		7C28A35A2AD3311D00CE17AB /* Sources */ = {
			isa = PBXGroup;
			children = (
				7C28A35B2AD3312800CE17AB /* App */,
				7C28A3622AD3330700CE17AB /* Model */,
				7C28A3632AD3330F00CE17AB /* View */,
				7C28A35C2AD3312F00CE17AB /* Controllers */,
			);
			path = Sources;
			sourceTree = "<group>";
		};
		7C28A35B2AD3312800CE17AB /* App */ = {
			isa = PBXGroup;
			children = (
				7C28A3462AD32F7900CE17AB /* AppDelegate.swift */,
				7C28A3482AD32F7900CE17AB /* SceneDelegate.swift */,
			);
			path = App;
			sourceTree = "<group>";
		};
		7C28A35C2AD3312F00CE17AB /* Controllers */ = {
			isa = PBXGroup;
			children = (
				7C28A34A2AD32F7900CE17AB /* ViewController.swift */,
				7C28A3682AD3343B00CE17AB /* DetailViewController.swift */,
			);
			path = Controllers;
			sourceTree = "<group>";
		};
		7C28A35D2AD3314100CE17AB /* Resources */ = {
			isa = PBXGroup;
			children = (
				7C28A34F2AD32F7A00CE17AB /* Assets.xcassets */,
				7C28A3512AD32F7A00CE17AB /* LaunchScreen.storyboard */,
				7C28A3542AD32F7A00CE17AB /* Info.plist */,
			);
			path = Resources;
			sourceTree = "<group>";
		};
		7C28A3622AD3330700CE17AB /* Model */ = {
			isa = PBXGroup;
			children = (
				7C28A35E2AD332F900CE17AB /* Model.swift */,
				7C28A3662AD3341000CE17AB /* APIFetch.swift */,
				7CE683312AD6FF5C00266818 /* MakeUrl.swift */,
			);
			path = Model;
			sourceTree = "<group>";
		};
		7C28A3632AD3330F00CE17AB /* View */ = {
			isa = PBXGroup;
			children = (
				7C28A3602AD3330300CE17AB /* View.swift */,
				7CE6832F2AD380CE00266818 /* DetailView.swift */,
				7C28A3642AD333DF00CE17AB /* CastomTableViewCell.swift */,
			);
			path = View;
			sourceTree = "<group>";
		};
/* End PBXGroup section */

/* Begin PBXNativeTarget section */
		7C28A3422AD32F7900CE17AB /* 21-HW - HarryPotter-Alamofire */ = {
			isa = PBXNativeTarget;
			buildConfigurationList = 7C28A3572AD32F7A00CE17AB /* Build configuration list for PBXNativeTarget "21-HW - HarryPotter-Alamofire" */;
			buildPhases = (
				7C28A33F2AD32F7900CE17AB /* Sources */,
				7C28A3402AD32F7900CE17AB /* Frameworks */,
				7C28A3412AD32F7900CE17AB /* Resources */,
			);
			buildRules = (
			);
			dependencies = (
			);
			name = "21-HW - HarryPotter-Alamofire";
			packageProductDependencies = (
				7C28A36B2AD3347C00CE17AB /* Alamofire */,
			);
			productName = "21-HW - HarryPotter-Alamofire";
			productReference = 7C28A3432AD32F7900CE17AB /* 21-HW - HarryPotter-Alamofire.app */;
			productType = "com.apple.product-type.application";
		};
/* End PBXNativeTarget section */

/* Begin PBXProject section */
		7C28A33B2AD32F7900CE17AB /* Project object */ = {
			isa = PBXProject;
			attributes = {
				BuildIndependentTargetsInParallel = 1;
				LastSwiftUpdateCheck = 1420;
				LastUpgradeCheck = 1420;
				TargetAttributes = {
					7C28A3422AD32F7900CE17AB = {
						CreatedOnToolsVersion = 14.2;
					};
				};
			};
			buildConfigurationList = 7C28A33E2AD32F7900CE17AB /* Build configuration list for PBXProject "21-HW - HarryPotter-Alamofire" */;
			compatibilityVersion = "Xcode 14.0";
			developmentRegion = en;
			hasScannedForEncodings = 0;
			knownRegions = (
				en,
				Base,
			);
			mainGroup = 7C28A33A2AD32F7900CE17AB;
			packageReferences = (
				7C28A36A2AD3347C00CE17AB /* XCRemoteSwiftPackageReference "Alamofire" */,
			);
			productRefGroup = 7C28A3442AD32F7900CE17AB /* Products */;
			projectDirPath = "";
			projectRoot = "";
			targets = (
				7C28A3422AD32F7900CE17AB /* 21-HW - HarryPotter-Alamofire */,
			);
		};
/* End PBXProject section */

/* Begin PBXResourcesBuildPhase section */
		7C28A3412AD32F7900CE17AB /* Resources */ = {
			isa = PBXResourcesBuildPhase;
			buildActionMask = 2147483647;
			files = (
				7C28A3532AD32F7A00CE17AB /* LaunchScreen.storyboard in Resources */,
				7C28A3502AD32F7A00CE17AB /* Assets.xcassets in Resources */,
			);
			runOnlyForDeploymentPostprocessing = 0;
		};
/* End PBXResourcesBuildPhase section */

/* Begin PBXSourcesBuildPhase section */
		7C28A33F2AD32F7900CE17AB /* Sources */ = {
			isa = PBXSourcesBuildPhase;
			buildActionMask = 2147483647;
			files = (
				7C28A3672AD3341000CE17AB /* APIFetch.swift in Sources */,
				7CE683302AD380CE00266818 /* DetailView.swift in Sources */,
				7C28A34B2AD32F7900CE17AB /* ViewController.swift in Sources */,
				7C28A3472AD32F7900CE17AB /* AppDelegate.swift in Sources */,
				7C28A3612AD3330300CE17AB /* View.swift in Sources */,
				7C28A3492AD32F7900CE17AB /* SceneDelegate.swift in Sources */,
				7C28A3652AD333DF00CE17AB /* CastomTableViewCell.swift in Sources */,
				7C28A35F2AD332F900CE17AB /* Model.swift in Sources */,
				7C28A3692AD3343B00CE17AB /* DetailViewController.swift in Sources */,
				7CE683322AD6FF5C00266818 /* MakeUrl.swift in Sources */,
			);
			runOnlyForDeploymentPostprocessing = 0;
		};
/* End PBXSourcesBuildPhase section */

/* Begin PBXVariantGroup section */
		7C28A3512AD32F7A00CE17AB /* LaunchScreen.storyboard */ = {
			isa = PBXVariantGroup;
			children = (
				7C28A3522AD32F7A00CE17AB /* Base */,
			);
			name = LaunchScreen.storyboard;
			sourceTree = "<group>";
		};
/* End PBXVariantGroup section */

/* Begin XCBuildConfiguration section */
		7C28A3552AD32F7A00CE17AB /* Debug */ = {
			isa = XCBuildConfiguration;
			buildSettings = {
				ALWAYS_SEARCH_USER_PATHS = NO;
				CLANG_ANALYZER_NONNULL = YES;
				CLANG_ANALYZER_NUMBER_OBJECT_CONVERSION = YES_AGGRESSIVE;
				CLANG_CXX_LANGUAGE_STANDARD = "gnu++20";
				CLANG_ENABLE_MODULES = YES;
				CLANG_ENABLE_OBJC_ARC = YES;
				CLANG_ENABLE_OBJC_WEAK = YES;
				CLANG_WARN_BLOCK_CAPTURE_AUTORELEASING = YES;
				CLANG_WARN_BOOL_CONVERSION = YES;
				CLANG_WARN_COMMA = YES;
				CLANG_WARN_CONSTANT_CONVERSION = YES;
				CLANG_WARN_DEPRECATED_OBJC_IMPLEMENTATIONS = YES;
				CLANG_WARN_DIRECT_OBJC_ISA_USAGE = YES_ERROR;
				CLANG_WARN_DOCUMENTATION_COMMENTS = YES;
				CLANG_WARN_EMPTY_BODY = YES;
				CLANG_WARN_ENUM_CONVERSION = YES;
				CLANG_WARN_INFINITE_RECURSION = YES;
				CLANG_WARN_INT_CONVERSION = YES;
				CLANG_WARN_NON_LITERAL_NULL_CONVERSION = YES;
				CLANG_WARN_OBJC_IMPLICIT_RETAIN_SELF = YES;
				CLANG_WARN_OBJC_LITERAL_CONVERSION = YES;
				CLANG_WARN_OBJC_ROOT_CLASS = YES_ERROR;
				CLANG_WARN_QUOTED_INCLUDE_IN_FRAMEWORK_HEADER = YES;
				CLANG_WARN_RANGE_LOOP_ANALYSIS = YES;
				CLANG_WARN_STRICT_PROTOTYPES = YES;
				CLANG_WARN_SUSPICIOUS_MOVE = YES;
				CLANG_WARN_UNGUARDED_AVAILABILITY = YES_AGGRESSIVE;
				CLANG_WARN_UNREACHABLE_CODE = YES;
				CLANG_WARN__DUPLICATE_METHOD_MATCH = YES;
				COPY_PHASE_STRIP = NO;
				DEBUG_INFORMATION_FORMAT = dwarf;
				ENABLE_STRICT_OBJC_MSGSEND = YES;
				ENABLE_TESTABILITY = YES;
				GCC_C_LANGUAGE_STANDARD = gnu11;
				GCC_DYNAMIC_NO_PIC = NO;
				GCC_NO_COMMON_BLOCKS = YES;
				GCC_OPTIMIZATION_LEVEL = 0;
				GCC_PREPROCESSOR_DEFINITIONS = (
					"DEBUG=1",
					"$(inherited)",
				);
				GCC_WARN_64_TO_32_BIT_CONVERSION = YES;
				GCC_WARN_ABOUT_RETURN_TYPE = YES_ERROR;
				GCC_WARN_UNDECLARED_SELECTOR = YES;
				GCC_WARN_UNINITIALIZED_AUTOS = YES_AGGRESSIVE;
				GCC_WARN_UNUSED_FUNCTION = YES;
				GCC_WARN_UNUSED_VARIABLE = YES;
				IPHONEOS_DEPLOYMENT_TARGET = 16.2;
				MTL_ENABLE_DEBUG_INFO = INCLUDE_SOURCE;
				MTL_FAST_MATH = YES;
				ONLY_ACTIVE_ARCH = YES;
				SDKROOT = iphoneos;
				SWIFT_ACTIVE_COMPILATION_CONDITIONS = DEBUG;
				SWIFT_OPTIMIZATION_LEVEL = "-Onone";
			};
			name = Debug;
		};
		7C28A3562AD32F7A00CE17AB /* Release */ = {
			isa = XCBuildConfiguration;
			buildSettings = {
				ALWAYS_SEARCH_USER_PATHS = NO;
				CLANG_ANALYZER_NONNULL = YES;
				CLANG_ANALYZER_NUMBER_OBJECT_CONVERSION = YES_AGGRESSIVE;
				CLANG_CXX_LANGUAGE_STANDARD = "gnu++20";
				CLANG_ENABLE_MODULES = YES;
				CLANG_ENABLE_OBJC_ARC = YES;
				CLANG_ENABLE_OBJC_WEAK = YES;
				CLANG_WARN_BLOCK_CAPTURE_AUTORELEASING = YES;
				CLANG_WARN_BOOL_CONVERSION = YES;
				CLANG_WARN_COMMA = YES;
				CLANG_WARN_CONSTANT_CONVERSION = YES;
				CLANG_WARN_DEPRECATED_OBJC_IMPLEMENTATIONS = YES;
				CLANG_WARN_DIRECT_OBJC_ISA_USAGE = YES_ERROR;
				CLANG_WARN_DOCUMENTATION_COMMENTS = YES;
				CLANG_WARN_EMPTY_BODY = YES;
				CLANG_WARN_ENUM_CONVERSION = YES;
				CLANG_WARN_INFINITE_RECURSION = YES;
				CLANG_WARN_INT_CONVERSION = YES;
				CLANG_WARN_NON_LITERAL_NULL_CONVERSION = YES;
				CLANG_WARN_OBJC_IMPLICIT_RETAIN_SELF = YES;
				CLANG_WARN_OBJC_LITERAL_CONVERSION = YES;
				CLANG_WARN_OBJC_ROOT_CLASS = YES_ERROR;
				CLANG_WARN_QUOTED_INCLUDE_IN_FRAMEWORK_HEADER = YES;
				CLANG_WARN_RANGE_LOOP_ANALYSIS = YES;
				CLANG_WARN_STRICT_PROTOTYPES = YES;
				CLANG_WARN_SUSPICIOUS_MOVE = YES;
				CLANG_WARN_UNGUARDED_AVAILABILITY = YES_AGGRESSIVE;
				CLANG_WARN_UNREACHABLE_CODE = YES;
				CLANG_WARN__DUPLICATE_METHOD_MATCH = YES;
				COPY_PHASE_STRIP = NO;
				DEBUG_INFORMATION_FORMAT = "dwarf-with-dsym";
				ENABLE_NS_ASSERTIONS = NO;
				ENABLE_STRICT_OBJC_MSGSEND = YES;
				GCC_C_LANGUAGE_STANDARD = gnu11;
				GCC_NO_COMMON_BLOCKS = YES;
				GCC_WARN_64_TO_32_BIT_CONVERSION = YES;
				GCC_WARN_ABOUT_RETURN_TYPE = YES_ERROR;
				GCC_WARN_UNDECLARED_SELECTOR = YES;
				GCC_WARN_UNINITIALIZED_AUTOS = YES_AGGRESSIVE;
				GCC_WARN_UNUSED_FUNCTION = YES;
				GCC_WARN_UNUSED_VARIABLE = YES;
				IPHONEOS_DEPLOYMENT_TARGET = 16.2;
				MTL_ENABLE_DEBUG_INFO = NO;
				MTL_FAST_MATH = YES;
				SDKROOT = iphoneos;
				SWIFT_COMPILATION_MODE = wholemodule;
				SWIFT_OPTIMIZATION_LEVEL = "-O";
				VALIDATE_PRODUCT = YES;
			};
			name = Release;
		};
		7C28A3582AD32F7A00CE17AB /* Debug */ = {
			isa = XCBuildConfiguration;
			buildSettings = {
				ASSETCATALOG_COMPILER_APPICON_NAME = AppIcon;
				ASSETCATALOG_COMPILER_GLOBAL_ACCENT_COLOR_NAME = AccentColor;
				CODE_SIGN_STYLE = Automatic;
				CURRENT_PROJECT_VERSION = 1;
				DEVELOPMENT_TEAM = HH9D8WXQ67;
				GENERATE_INFOPLIST_FILE = YES;
				INFOPLIST_FILE = "21-HW - HarryPotter-Alamofire/Resources/Info.plist";
				INFOPLIST_KEY_UIApplicationSupportsIndirectInputEvents = YES;
				INFOPLIST_KEY_UISupportedInterfaceOrientations = UIInterfaceOrientationPortrait;
				INFOPLIST_KEY_UISupportedInterfaceOrientations_iPad = "UIInterfaceOrientationLandscapeLeft UIInterfaceOrientationLandscapeRight UIInterfaceOrientationPortrait UIInterfaceOrientationPortraitUpsideDown";
				LD_RUNPATH_SEARCH_PATHS = (
					"$(inherited)",
					"@executable_path/Frameworks",
				);
				MARKETING_VERSION = 1.0;
				PRODUCT_BUNDLE_IDENTIFIER = "ru.sonyigorevna.-1-HW---HarryPotter-Alamofire";
				PRODUCT_NAME = "$(TARGET_NAME)";
				SUPPORTED_PLATFORMS = "iphoneos iphonesimulator";
				SUPPORTS_MACCATALYST = NO;
				SUPPORTS_MAC_DESIGNED_FOR_IPHONE_IPAD = NO;
				SWIFT_EMIT_LOC_STRINGS = YES;
				SWIFT_VERSION = 5.0;
				TARGETED_DEVICE_FAMILY = 1;
			};
			name = Debug;
		};
		7C28A3592AD32F7A00CE17AB /* Release */ = {
			isa = XCBuildConfiguration;
			buildSettings = {
				ASSETCATALOG_COMPILER_APPICON_NAME = AppIcon;
				ASSETCATALOG_COMPILER_GLOBAL_ACCENT_COLOR_NAME = AccentColor;
				CODE_SIGN_STYLE = Automatic;
				CURRENT_PROJECT_VERSION = 1;
				DEVELOPMENT_TEAM = HH9D8WXQ67;
				GENERATE_INFOPLIST_FILE = YES;
				INFOPLIST_FILE = "21-HW - HarryPotter-Alamofire/Resources/Info.plist";
				INFOPLIST_KEY_UIApplicationSupportsIndirectInputEvents = YES;
				INFOPLIST_KEY_UISupportedInterfaceOrientations = UIInterfaceOrientationPortrait;
				INFOPLIST_KEY_UISupportedInterfaceOrientations_iPad = "UIInterfaceOrientationLandscapeLeft UIInterfaceOrientationLandscapeRight UIInterfaceOrientationPortrait UIInterfaceOrientationPortraitUpsideDown";
				LD_RUNPATH_SEARCH_PATHS = (
					"$(inherited)",
					"@executable_path/Frameworks",
				);
				MARKETING_VERSION = 1.0;
				PRODUCT_BUNDLE_IDENTIFIER = "ru.sonyigorevna.-1-HW---HarryPotter-Alamofire";
				PRODUCT_NAME = "$(TARGET_NAME)";
				SUPPORTED_PLATFORMS = "iphoneos iphonesimulator";
				SUPPORTS_MACCATALYST = NO;
				SUPPORTS_MAC_DESIGNED_FOR_IPHONE_IPAD = NO;
				SWIFT_EMIT_LOC_STRINGS = YES;
				SWIFT_VERSION = 5.0;
				TARGETED_DEVICE_FAMILY = 1;
			};
			name = Release;
		};
/* End XCBuildConfiguration section */

/* Begin XCConfigurationList section */
		7C28A33E2AD32F7900CE17AB /* Build configuration list for PBXProject "21-HW - HarryPotter-Alamofire" */ = {
			isa = XCConfigurationList;
			buildConfigurations = (
				7C28A3552AD32F7A00CE17AB /* Debug */,
				7C28A3562AD32F7A00CE17AB /* Release */,
			);
			defaultConfigurationIsVisible = 0;
			defaultConfigurationName = Release;
		};
		7C28A3572AD32F7A00CE17AB /* Build configuration list for PBXNativeTarget "21-HW - HarryPotter-Alamofire" */ = {
			isa = XCConfigurationList;
			buildConfigurations = (
				7C28A3582AD32F7A00CE17AB /* Debug */,
				7C28A3592AD32F7A00CE17AB /* Release */,
			);
			defaultConfigurationIsVisible = 0;
			defaultConfigurationName = Release;
		};
/* End XCConfigurationList section */

/* Begin XCRemoteSwiftPackageReference section */
		7C28A36A2AD3347C00CE17AB /* XCRemoteSwiftPackageReference "Alamofire" */ = {
			isa = XCRemoteSwiftPackageReference;
			repositoryURL = "https://github.com/Alamofire/Alamofire";
			requirement = {
				branch = master;
				kind = branch;
			};
		};
/* End XCRemoteSwiftPackageReference section */

/* Begin XCSwiftPackageProductDependency section */
		7C28A36B2AD3347C00CE17AB /* Alamofire */ = {
			isa = XCSwiftPackageProductDependency;
			package = 7C28A36A2AD3347C00CE17AB /* XCRemoteSwiftPackageReference "Alamofire" */;
			productName = Alamofire;
		};
/* End XCSwiftPackageProductDependency section */
	};
	rootObject = 7C28A33B2AD32F7900CE17AB /* Project object */;
}
